// !$*UTF8*$!
{
	archiveVersion = 1;
	classes = {
	};
	objectVersion = 77;
	objects = {

/* Begin PBXCopyFilesBuildPhase section */
		92D631102CFC7FBB005FD557 /* CopyFiles */ = {
			isa = PBXCopyFilesBuildPhase;
			buildActionMask = 2147483647;
			dstPath = "";
			dstSubfolderSpec = 16;
			files = (
			);
			runOnlyForDeploymentPostprocessing = 1;
		};
		92D631222D00E657005FD557 /* CopyFiles */ = {
			isa = PBXCopyFilesBuildPhase;
			buildActionMask = 2147483647;
			dstPath = /usr/share/man/man1/;
			dstSubfolderSpec = 0;
			files = (
			);
			runOnlyForDeploymentPostprocessing = 1;
		};
		92D631372D022961005FD557 /* CopyFiles */ = {
			isa = PBXCopyFilesBuildPhase;
			buildActionMask = 2147483647;
			dstPath = /usr/share/man/man1/;
			dstSubfolderSpec = 0;
			files = (
			);
			runOnlyForDeploymentPostprocessing = 1;
		};
		92D6314A2D032A51005FD557 /* CopyFiles */ = {
			isa = PBXCopyFilesBuildPhase;
			buildActionMask = 2147483647;
			dstPath = /usr/share/man/man1/;
			dstSubfolderSpec = 0;
			files = (
			);
			runOnlyForDeploymentPostprocessing = 1;
		};
/* End PBXCopyFilesBuildPhase section */

/* Begin PBXFileReference section */
		92D631122CFC7FBB005FD557 /* day1 */ = {isa = PBXFileReference; explicitFileType = "compiled.mach-o.executable"; includeInIndex = 0; path = day1; sourceTree = BUILT_PRODUCTS_DIR; };
		92D631242D00E657005FD557 /* day2 */ = {isa = PBXFileReference; explicitFileType = "compiled.mach-o.executable"; includeInIndex = 0; path = day2; sourceTree = BUILT_PRODUCTS_DIR; };
		92D631392D022961005FD557 /* day3 */ = {isa = PBXFileReference; explicitFileType = "compiled.mach-o.executable"; includeInIndex = 0; path = day3; sourceTree = BUILT_PRODUCTS_DIR; };
		92D6314C2D032A51005FD557 /* day4 */ = {isa = PBXFileReference; explicitFileType = "compiled.mach-o.executable"; includeInIndex = 0; path = day4; sourceTree = BUILT_PRODUCTS_DIR; };
/* End PBXFileReference section */

/* Begin PBXFileSystemSynchronizedBuildFileExceptionSet section */
		92D631322D00E784005FD557 /* Exceptions for "shared" folder in "day2" target */ = {
			isa = PBXFileSystemSynchronizedBuildFileExceptionSet;
			membershipExceptions = (
				utils.swift,
			);
			target = 92D631232D00E657005FD557 /* day2 */;
		};
		92D631412D02296B005FD557 /* Exceptions for "shared" folder in "day3" target */ = {
			isa = PBXFileSystemSynchronizedBuildFileExceptionSet;
			membershipExceptions = (
				utils.swift,
			);
			target = 92D631382D022961005FD557 /* day3 */;
		};
		92D631562D032A6A005FD557 /* Exceptions for "shared" folder in "day4" target */ = {
			isa = PBXFileSystemSynchronizedBuildFileExceptionSet;
			membershipExceptions = (
				utils.swift,
			);
			target = 92D6314B2D032A51005FD557 /* day4 */;
		};
/* End PBXFileSystemSynchronizedBuildFileExceptionSet section */

/* Begin PBXFileSystemSynchronizedGroupBuildPhaseMembershipExceptionSet section */
		92D6311E2CFC8344005FD557 /* Exceptions for "day1" folder in "Copy Files" phase from "day1" target */ = {
			isa = PBXFileSystemSynchronizedGroupBuildPhaseMembershipExceptionSet;
			buildPhase = 92D631102CFC7FBB005FD557 /* CopyFiles */;
			membershipExceptions = (
				day1.example,
				day1.input,
			);
		};
/* End PBXFileSystemSynchronizedGroupBuildPhaseMembershipExceptionSet section */

/* Begin PBXFileSystemSynchronizedRootGroup section */
		92D631132CFC7FBB005FD557 /* day1 */ = {
			isa = PBXFileSystemSynchronizedRootGroup;
			exceptions = (
				92D6311E2CFC8344005FD557 /* Exceptions for "day1" folder in "Copy Files" phase from "day1" target */,
			);
			path = day1;
			sourceTree = "<group>";
		};
		92D631252D00E657005FD557 /* day2 */ = {
			isa = PBXFileSystemSynchronizedRootGroup;
			path = day2;
			sourceTree = "<group>";
		};
		92D6312D2D00E67A005FD557 /* shared */ = {
			isa = PBXFileSystemSynchronizedRootGroup;
			exceptions = (
				92D631322D00E784005FD557 /* Exceptions for "shared" folder in "day2" target */,
				92D631412D02296B005FD557 /* Exceptions for "shared" folder in "day3" target */,
				92D631562D032A6A005FD557 /* Exceptions for "shared" folder in "day4" target */,
			);
			path = shared;
			sourceTree = "<group>";
		};
		92D6313A2D022962005FD557 /* day3 */ = {
			isa = PBXFileSystemSynchronizedRootGroup;
			path = day3;
			sourceTree = "<group>";
		};
		92D6314D2D032A51005FD557 /* day4 */ = {
			isa = PBXFileSystemSynchronizedRootGroup;
			path = day4;
			sourceTree = "<group>";
		};
/* End PBXFileSystemSynchronizedRootGroup section */

/* Begin PBXFrameworksBuildPhase section */
		92D6310F2CFC7FBB005FD557 /* Frameworks */ = {
			isa = PBXFrameworksBuildPhase;
			buildActionMask = 2147483647;
			files = (
			);
			runOnlyForDeploymentPostprocessing = 0;
		};
		92D631212D00E657005FD557 /* Frameworks */ = {
			isa = PBXFrameworksBuildPhase;
			buildActionMask = 2147483647;
			files = (
			);
			runOnlyForDeploymentPostprocessing = 0;
		};
		92D631362D022961005FD557 /* Frameworks */ = {
			isa = PBXFrameworksBuildPhase;
			buildActionMask = 2147483647;
			files = (
			);
			runOnlyForDeploymentPostprocessing = 0;
		};
		92D631492D032A51005FD557 /* Frameworks */ = {
			isa = PBXFrameworksBuildPhase;
			buildActionMask = 2147483647;
			files = (
			);
			runOnlyForDeploymentPostprocessing = 0;
		};
/* End PBXFrameworksBuildPhase section */

/* Begin PBXGroup section */
		92D630F62CFC7EB8005FD557 = {
			isa = PBXGroup;
			children = (
				92D6312D2D00E67A005FD557 /* shared */,
				92D631132CFC7FBB005FD557 /* day1 */,
				92D631252D00E657005FD557 /* day2 */,
				92D6313A2D022962005FD557 /* day3 */,
				92D6314D2D032A51005FD557 /* day4 */,
				92D631002CFC7EB8005FD557 /* Products */,
			);
			sourceTree = "<group>";
		};
		92D631002CFC7EB8005FD557 /* Products */ = {
			isa = PBXGroup;
			children = (
				92D631122CFC7FBB005FD557 /* day1 */,
				92D631242D00E657005FD557 /* day2 */,
				92D631392D022961005FD557 /* day3 */,
				92D6314C2D032A51005FD557 /* day4 */,
			);
			name = Products;
			sourceTree = "<group>";
		};
/* End PBXGroup section */

/* Begin PBXNativeTarget section */
		92D631112CFC7FBB005FD557 /* day1 */ = {
			isa = PBXNativeTarget;
			buildConfigurationList = 92D631162CFC7FBB005FD557 /* Build configuration list for PBXNativeTarget "day1" */;
			buildPhases = (
				92D6310E2CFC7FBB005FD557 /* Sources */,
				92D6310F2CFC7FBB005FD557 /* Frameworks */,
				92D631102CFC7FBB005FD557 /* CopyFiles */,
			);
			buildRules = (
			);
			dependencies = (
			);
			fileSystemSynchronizedGroups = (
				92D631132CFC7FBB005FD557 /* day1 */,
				92D6312D2D00E67A005FD557 /* shared */,
			);
			name = day1;
			packageProductDependencies = (
			);
			productName = day1;
			productReference = 92D631122CFC7FBB005FD557 /* day1 */;
			productType = "com.apple.product-type.tool";
		};
		92D631232D00E657005FD557 /* day2 */ = {
			isa = PBXNativeTarget;
			buildConfigurationList = 92D631282D00E657005FD557 /* Build configuration list for PBXNativeTarget "day2" */;
			buildPhases = (
				92D631202D00E657005FD557 /* Sources */,
				92D631212D00E657005FD557 /* Frameworks */,
				92D631222D00E657005FD557 /* CopyFiles */,
			);
			buildRules = (
			);
			dependencies = (
			);
			fileSystemSynchronizedGroups = (
				92D631252D00E657005FD557 /* day2 */,
			);
			name = day2;
			packageProductDependencies = (
			);
			productName = day2;
			productReference = 92D631242D00E657005FD557 /* day2 */;
			productType = "com.apple.product-type.tool";
		};
		92D631382D022961005FD557 /* day3 */ = {
			isa = PBXNativeTarget;
			buildConfigurationList = 92D6313D2D022962005FD557 /* Build configuration list for PBXNativeTarget "day3" */;
			buildPhases = (
				92D631352D022961005FD557 /* Sources */,
				92D631362D022961005FD557 /* Frameworks */,
				92D631372D022961005FD557 /* CopyFiles */,
			);
			buildRules = (
			);
			dependencies = (
			);
			fileSystemSynchronizedGroups = (
				92D6313A2D022962005FD557 /* day3 */,
			);
			name = day3;
			packageProductDependencies = (
			);
			productName = day3;
			productReference = 92D631392D022961005FD557 /* day3 */;
			productType = "com.apple.product-type.tool";
		};
		92D6314B2D032A51005FD557 /* day4 */ = {
			isa = PBXNativeTarget;
			buildConfigurationList = 92D631502D032A51005FD557 /* Build configuration list for PBXNativeTarget "day4" */;
			buildPhases = (
				92D631482D032A51005FD557 /* Sources */,
				92D631492D032A51005FD557 /* Frameworks */,
				92D6314A2D032A51005FD557 /* CopyFiles */,
			);
			buildRules = (
			);
			dependencies = (
			);
			fileSystemSynchronizedGroups = (
				92D6314D2D032A51005FD557 /* day4 */,
			);
			name = day4;
			packageProductDependencies = (
			);
			productName = day4;
			productReference = 92D6314C2D032A51005FD557 /* day4 */;
			productType = "com.apple.product-type.tool";
		};
/* End PBXNativeTarget section */

/* Begin PBXProject section */
		92D630F72CFC7EB8005FD557 /* Project object */ = {
			isa = PBXProject;
			attributes = {
				BuildIndependentTargetsInParallel = 1;
				LastSwiftUpdateCheck = 1610;
				LastUpgradeCheck = 1610;
				TargetAttributes = {
					92D631112CFC7FBB005FD557 = {
						CreatedOnToolsVersion = 16.1;
					};
					92D631232D00E657005FD557 = {
						CreatedOnToolsVersion = 16.1;
					};
					92D631382D022961005FD557 = {
						CreatedOnToolsVersion = 16.1;
					};
					92D6314B2D032A51005FD557 = {
						CreatedOnToolsVersion = 16.1;
					};
				};
			};
			buildConfigurationList = 92D630FA2CFC7EB8005FD557 /* Build configuration list for PBXProject "aoc2024" */;
			developmentRegion = en;
			hasScannedForEncodings = 0;
			knownRegions = (
				en,
				Base,
			);
			mainGroup = 92D630F62CFC7EB8005FD557;
			minimizedProjectReferenceProxies = 1;
			preferredProjectObjectVersion = 77;
			productRefGroup = 92D631002CFC7EB8005FD557 /* Products */;
			projectDirPath = "";
			projectRoot = "";
			targets = (
				92D631112CFC7FBB005FD557 /* day1 */,
				92D631232D00E657005FD557 /* day2 */,
				92D631382D022961005FD557 /* day3 */,
				92D6314B2D032A51005FD557 /* day4 */,
			);
		};
/* End PBXProject section */

/* Begin PBXSourcesBuildPhase section */
		92D6310E2CFC7FBB005FD557 /* Sources */ = {
			isa = PBXSourcesBuildPhase;
			buildActionMask = 2147483647;
			files = (
			);
			runOnlyForDeploymentPostprocessing = 0;
		};
		92D631202D00E657005FD557 /* Sources */ = {
			isa = PBXSourcesBuildPhase;
			buildActionMask = 2147483647;
			files = (
			);
			runOnlyForDeploymentPostprocessing = 0;
		};
		92D631352D022961005FD557 /* Sources */ = {
			isa = PBXSourcesBuildPhase;
			buildActionMask = 2147483647;
			files = (
			);
			runOnlyForDeploymentPostprocessing = 0;
		};
		92D631482D032A51005FD557 /* Sources */ = {
			isa = PBXSourcesBuildPhase;
			buildActionMask = 2147483647;
			files = (
			);
			runOnlyForDeploymentPostprocessing = 0;
		};
/* End PBXSourcesBuildPhase section */

/* Begin XCBuildConfiguration section */
		92D631042CFC7EB8005FD557 /* Debug */ = {
			isa = XCBuildConfiguration;
			buildSettings = {
				ALWAYS_SEARCH_USER_PATHS = NO;
				ASSETCATALOG_COMPILER_GENERATE_SWIFT_ASSET_SYMBOL_EXTENSIONS = YES;
				CLANG_ANALYZER_NONNULL = YES;
				CLANG_ANALYZER_NUMBER_OBJECT_CONVERSION = YES_AGGRESSIVE;
				CLANG_CXX_LANGUAGE_STANDARD = "gnu++20";
				CLANG_ENABLE_MODULES = YES;
				CLANG_ENABLE_OBJC_ARC = YES;
				CLANG_ENABLE_OBJC_WEAK = YES;
				CLANG_WARN_BLOCK_CAPTURE_AUTORELEASING = YES;
				CLANG_WARN_BOOL_CONVERSION = YES;
				CLANG_WARN_COMMA = YES;
				CLANG_WARN_CONSTANT_CONVERSION = YES;
				CLANG_WARN_DEPRECATED_OBJC_IMPLEMENTATIONS = YES;
				CLANG_WARN_DIRECT_OBJC_ISA_USAGE = YES_ERROR;
				CLANG_WARN_DOCUMENTATION_COMMENTS = YES;
				CLANG_WARN_EMPTY_BODY = YES;
				CLANG_WARN_ENUM_CONVERSION = YES;
				CLANG_WARN_INFINITE_RECURSION = YES;
				CLANG_WARN_INT_CONVERSION = YES;
				CLANG_WARN_NON_LITERAL_NULL_CONVERSION = YES;
				CLANG_WARN_OBJC_IMPLICIT_RETAIN_SELF = YES;
				CLANG_WARN_OBJC_LITERAL_CONVERSION = YES;
				CLANG_WARN_OBJC_ROOT_CLASS = YES_ERROR;
				CLANG_WARN_QUOTED_INCLUDE_IN_FRAMEWORK_HEADER = YES;
				CLANG_WARN_RANGE_LOOP_ANALYSIS = YES;
				CLANG_WARN_STRICT_PROTOTYPES = YES;
				CLANG_WARN_SUSPICIOUS_MOVE = YES;
				CLANG_WARN_UNGUARDED_AVAILABILITY = YES_AGGRESSIVE;
				CLANG_WARN_UNREACHABLE_CODE = YES;
				CLANG_WARN__DUPLICATE_METHOD_MATCH = YES;
				COPY_PHASE_STRIP = NO;
				DEBUG_INFORMATION_FORMAT = dwarf;
				ENABLE_STRICT_OBJC_MSGSEND = YES;
				ENABLE_TESTABILITY = YES;
				ENABLE_USER_SCRIPT_SANDBOXING = YES;
				GCC_C_LANGUAGE_STANDARD = gnu17;
				GCC_DYNAMIC_NO_PIC = NO;
				GCC_NO_COMMON_BLOCKS = YES;
				GCC_OPTIMIZATION_LEVEL = 0;
				GCC_PREPROCESSOR_DEFINITIONS = (
					"DEBUG=1",
					"$(inherited)",
				);
				GCC_WARN_64_TO_32_BIT_CONVERSION = YES;
				GCC_WARN_ABOUT_RETURN_TYPE = YES_ERROR;
				GCC_WARN_UNDECLARED_SELECTOR = YES;
				GCC_WARN_UNINITIALIZED_AUTOS = YES_AGGRESSIVE;
				GCC_WARN_UNUSED_FUNCTION = YES;
				GCC_WARN_UNUSED_VARIABLE = YES;
				LOCALIZATION_PREFERS_STRING_CATALOGS = YES;
				MACOSX_DEPLOYMENT_TARGET = 15.1;
				MTL_ENABLE_DEBUG_INFO = INCLUDE_SOURCE;
				MTL_FAST_MATH = YES;
				ONLY_ACTIVE_ARCH = YES;
				SDKROOT = macosx;
				SWIFT_ACTIVE_COMPILATION_CONDITIONS = "DEBUG $(inherited)";
				SWIFT_OPTIMIZATION_LEVEL = "-Onone";
			};
			name = Debug;
		};
		92D631052CFC7EB8005FD557 /* Release */ = {
			isa = XCBuildConfiguration;
			buildSettings = {
				ALWAYS_SEARCH_USER_PATHS = NO;
				ASSETCATALOG_COMPILER_GENERATE_SWIFT_ASSET_SYMBOL_EXTENSIONS = YES;
				CLANG_ANALYZER_NONNULL = YES;
				CLANG_ANALYZER_NUMBER_OBJECT_CONVERSION = YES_AGGRESSIVE;
				CLANG_CXX_LANGUAGE_STANDARD = "gnu++20";
				CLANG_ENABLE_MODULES = YES;
				CLANG_ENABLE_OBJC_ARC = YES;
				CLANG_ENABLE_OBJC_WEAK = YES;
				CLANG_WARN_BLOCK_CAPTURE_AUTORELEASING = YES;
				CLANG_WARN_BOOL_CONVERSION = YES;
				CLANG_WARN_COMMA = YES;
				CLANG_WARN_CONSTANT_CONVERSION = YES;
				CLANG_WARN_DEPRECATED_OBJC_IMPLEMENTATIONS = YES;
				CLANG_WARN_DIRECT_OBJC_ISA_USAGE = YES_ERROR;
				CLANG_WARN_DOCUMENTATION_COMMENTS = YES;
				CLANG_WARN_EMPTY_BODY = YES;
				CLANG_WARN_ENUM_CONVERSION = YES;
				CLANG_WARN_INFINITE_RECURSION = YES;
				CLANG_WARN_INT_CONVERSION = YES;
				CLANG_WARN_NON_LITERAL_NULL_CONVERSION = YES;
				CLANG_WARN_OBJC_IMPLICIT_RETAIN_SELF = YES;
				CLANG_WARN_OBJC_LITERAL_CONVERSION = YES;
				CLANG_WARN_OBJC_ROOT_CLASS = YES_ERROR;
				CLANG_WARN_QUOTED_INCLUDE_IN_FRAMEWORK_HEADER = YES;
				CLANG_WARN_RANGE_LOOP_ANALYSIS = YES;
				CLANG_WARN_STRICT_PROTOTYPES = YES;
				CLANG_WARN_SUSPICIOUS_MOVE = YES;
				CLANG_WARN_UNGUARDED_AVAILABILITY = YES_AGGRESSIVE;
				CLANG_WARN_UNREACHABLE_CODE = YES;
				CLANG_WARN__DUPLICATE_METHOD_MATCH = YES;
				COPY_PHASE_STRIP = NO;
				DEBUG_INFORMATION_FORMAT = "dwarf-with-dsym";
				ENABLE_NS_ASSERTIONS = NO;
				ENABLE_STRICT_OBJC_MSGSEND = YES;
				ENABLE_USER_SCRIPT_SANDBOXING = YES;
				GCC_C_LANGUAGE_STANDARD = gnu17;
				GCC_NO_COMMON_BLOCKS = YES;
				GCC_WARN_64_TO_32_BIT_CONVERSION = YES;
				GCC_WARN_ABOUT_RETURN_TYPE = YES_ERROR;
				GCC_WARN_UNDECLARED_SELECTOR = YES;
				GCC_WARN_UNINITIALIZED_AUTOS = YES_AGGRESSIVE;
				GCC_WARN_UNUSED_FUNCTION = YES;
				GCC_WARN_UNUSED_VARIABLE = YES;
				LOCALIZATION_PREFERS_STRING_CATALOGS = YES;
				MACOSX_DEPLOYMENT_TARGET = 15.1;
				MTL_ENABLE_DEBUG_INFO = NO;
				MTL_FAST_MATH = YES;
				SDKROOT = macosx;
				SWIFT_COMPILATION_MODE = wholemodule;
			};
			name = Release;
		};
		92D631172CFC7FBB005FD557 /* Debug */ = {
			isa = XCBuildConfiguration;
			buildSettings = {
				CODE_SIGN_STYLE = Automatic;
				DEVELOPMENT_ASSET_PATHS = "";
				DEVELOPMENT_TEAM = B7KYG4FE96;
				ENABLE_HARDENED_RUNTIME = YES;
				PRODUCT_NAME = "$(TARGET_NAME)";
				SWIFT_VERSION = 5.0;
			};
			name = Debug;
		};
		92D631182CFC7FBB005FD557 /* Release */ = {
			isa = XCBuildConfiguration;
			buildSettings = {
				CODE_SIGN_STYLE = Automatic;
				DEVELOPMENT_ASSET_PATHS = "";
				DEVELOPMENT_TEAM = B7KYG4FE96;
				ENABLE_HARDENED_RUNTIME = YES;
				PRODUCT_NAME = "$(TARGET_NAME)";
				SWIFT_VERSION = 5.0;
			};
			name = Release;
		};
		92D631292D00E657005FD557 /* Debug */ = {
			isa = XCBuildConfiguration;
			buildSettings = {
				CODE_SIGN_STYLE = Automatic;
				DEVELOPMENT_TEAM = B7KYG4FE96;
				ENABLE_HARDENED_RUNTIME = YES;
				PRODUCT_NAME = "$(TARGET_NAME)";
				SWIFT_VERSION = 5.0;
			};
			name = Debug;
		};
		92D6312A2D00E657005FD557 /* Release */ = {
			isa = XCBuildConfiguration;
			buildSettings = {
				CODE_SIGN_STYLE = Automatic;
				DEVELOPMENT_TEAM = B7KYG4FE96;
				ENABLE_HARDENED_RUNTIME = YES;
				PRODUCT_NAME = "$(TARGET_NAME)";
				SWIFT_VERSION = 5.0;
			};
			name = Release;
		};
		92D6313E2D022962005FD557 /* Debug */ = {
			isa = XCBuildConfiguration;
			buildSettings = {
				CODE_SIGN_STYLE = Automatic;
				DEVELOPMENT_TEAM = B7KYG4FE96;
				ENABLE_HARDENED_RUNTIME = YES;
				PRODUCT_NAME = "$(TARGET_NAME)";
				SWIFT_VERSION = 5.0;
			};
			name = Debug;
		};
		92D6313F2D022962005FD557 /* Release */ = {
			isa = XCBuildConfiguration;
			buildSettings = {
				CODE_SIGN_STYLE = Automatic;
				DEVELOPMENT_TEAM = B7KYG4FE96;
				ENABLE_HARDENED_RUNTIME = YES;
				PRODUCT_NAME = "$(TARGET_NAME)";
				SWIFT_VERSION = 5.0;
			};
			name = Release;
		};
		92D631512D032A51005FD557 /* Debug */ = {
			isa = XCBuildConfiguration;
			buildSettings = {
				CODE_SIGN_STYLE = Automatic;
				DEVELOPMENT_TEAM = B7KYG4FE96;
				ENABLE_HARDENED_RUNTIME = YES;
				PRODUCT_NAME = "$(TARGET_NAME)";
				SWIFT_VERSION = 5.0;
			};
			name = Debug;
		};
		92D631522D032A51005FD557 /* Release */ = {
			isa = XCBuildConfiguration;
			buildSettings = {
				CODE_SIGN_STYLE = Automatic;
				DEVELOPMENT_TEAM = B7KYG4FE96;
				ENABLE_HARDENED_RUNTIME = YES;
				PRODUCT_NAME = "$(TARGET_NAME)";
				SWIFT_VERSION = 5.0;
			};
			name = Release;
		};
/* End XCBuildConfiguration section */

/* Begin XCConfigurationList section */
		92D630FA2CFC7EB8005FD557 /* Build configuration list for PBXProject "aoc2024" */ = {
			isa = XCConfigurationList;
			buildConfigurations = (
				92D631042CFC7EB8005FD557 /* Debug */,
				92D631052CFC7EB8005FD557 /* Release */,
			);
			defaultConfigurationIsVisible = 0;
			defaultConfigurationName = Release;
		};
		92D631162CFC7FBB005FD557 /* Build configuration list for PBXNativeTarget "day1" */ = {
			isa = XCConfigurationList;
			buildConfigurations = (
				92D631172CFC7FBB005FD557 /* Debug */,
				92D631182CFC7FBB005FD557 /* Release */,
			);
			defaultConfigurationIsVisible = 0;
			defaultConfigurationName = Release;
		};
		92D631282D00E657005FD557 /* Build configuration list for PBXNativeTarget "day2" */ = {
			isa = XCConfigurationList;
			buildConfigurations = (
				92D631292D00E657005FD557 /* Debug */,
				92D6312A2D00E657005FD557 /* Release */,
			);
			defaultConfigurationIsVisible = 0;
			defaultConfigurationName = Release;
		};
		92D6313D2D022962005FD557 /* Build configuration list for PBXNativeTarget "day3" */ = {
			isa = XCConfigurationList;
			buildConfigurations = (
				92D6313E2D022962005FD557 /* Debug */,
				92D6313F2D022962005FD557 /* Release */,
			);
			defaultConfigurationIsVisible = 0;
			defaultConfigurationName = Release;
		};
		92D631502D032A51005FD557 /* Build configuration list for PBXNativeTarget "day4" */ = {
			isa = XCConfigurationList;
			buildConfigurations = (
				92D631512D032A51005FD557 /* Debug */,
				92D631522D032A51005FD557 /* Release */,
			);
			defaultConfigurationIsVisible = 0;
			defaultConfigurationName = Release;
		};
/* End XCConfigurationList section */
	};
	rootObject = 92D630F72CFC7EB8005FD557 /* Project object */;
}
